
Microsoft Visual Studio Solution File, Format Version 12.00
# Visual Studio Version 16
VisualStudioVersion = 16.0.31424.327
MinimumVisualStudioVersion = 10.0.40219.1
Project("{9A19103F-16F7-4668-BE54-9A1E7A4F7556}") = "ToolTipKullanımı", "ToolTipKullanımı.csproj", "{72EC7AF4-7967-49C8-A217-193BCAD836A4}"
EndProject
Global
	GlobalSection(SolutionConfigurationPlatforms) = preSolution
		Debug|Any CPU = Debug|Any CPU
		Release|Any CPU = Release|Any CPU
	EndGlobalSection
	GlobalSection(ProjectConfigurationPlatforms) = postSolution
		{72EC7AF4-7967-49C8-A217-193BCAD836A4}.Debug|Any CPU.ActiveCfg = Debug|Any CPU
		{72EC7AF4-7967-49C8-A217-193BCAD836A4}.Debug|Any CPU.Build.0 = Debug|Any CPU
		{72EC7AF4-7967-49C8-A217-193BCAD836A4}.Release|Any CPU.ActiveCfg = Release|Any CPU
		{72EC7AF4-7967-49C8-A217-193BCAD836A4}.Release|Any CPU.Build.0 = Release|Any CPU
	EndGlobalSection
	GlobalSection(SolutionProperties) = preSolution
		HideSolutionNode = FALSE
	EndGlobalSection
	GlobalSection(ExtensibilityGlobals) = postSolution
		SolutionGuid = {9BAEFA8B-C886-4A08-BFF8-52068365C801}
	EndGlobalSection
EndGlobal
